
Microsoft Visual Studio Solution File, Format Version 12.00
# Visual Studio Version 17
VisualStudioVersion = 17.13.35818.85 d17.13
MinimumVisualStudioVersion = 10.0.40219.1
Project("{FAE04EC0-301F-11D3-BF4B-00C04F79EFBC}") = "ToDo-ListDebug", "ToDo-ListDebug\ToDo-ListDebug.csproj", "{66869506-068D-4EDB-AC38-FB9B2A8411B0}"
EndProject
Global
	GlobalSection(SolutionConfigurationPlatforms) = preSolution
		Debug|Any CPU = Debug|Any CPU
		Release|Any CPU = Release|Any CPU
	EndGlobalSection
	GlobalSection(ProjectConfigurationPlatforms) = postSolution
		{66869506-068D-4EDB-AC38-FB9B2A8411B0}.Debug|Any CPU.ActiveCfg = Debug|Any CPU
		{66869506-068D-4EDB-AC38-FB9B2A8411B0}.Debug|Any CPU.Build.0 = Debug|Any CPU
		{66869506-068D-4EDB-AC38-FB9B2A8411B0}.Release|Any CPU.ActiveCfg = Release|Any CPU
		{66869506-068D-4EDB-AC38-FB9B2A8411B0}.Release|Any CPU.Build.0 = Release|Any CPU
	EndGlobalSection
	GlobalSection(SolutionProperties) = preSolution
		HideSolutionNode = FALSE
	EndGlobalSection
	GlobalSection(ExtensibilityGlobals) = postSolution
		SolutionGuid = {AD2824E2-C713-4146-B084-5810B4BA8077}
	EndGlobalSection
EndGlobal
